
Microsoft Visual Studio Solution File, Format Version 12.00
# Visual Studio Version 17
VisualStudioVersion = 17.12.35506.116
MinimumVisualStudioVersion = 10.0.40219.1
Project("{FAE04EC0-301F-11D3-BF4B-00C04F79EFBC}") = "GhostlyDiscord", "GhostlyDiscord\GhostlyDiscord.csproj", "{BC20775B-D1F2-49A0-961E-49E78A52CC23}"
EndProject
Project("{FAE04EC0-301F-11D3-BF4B-00C04F79EFBC}") = "Common", "Common\Common.csproj", "{F5F63753-192F-4015-A296-56E412B1EF52}"
EndProject
Project("{FAE04EC0-301F-11D3-BF4B-00C04F79EFBC}") = "GhostlyWebStorage", "GhostlyWebStorage\GhostlyWebStorage.csproj", "{A3EF815C-DBD1-43E4-8DA1-85D21BBA9627}"
EndProject
Project("{2150E333-8FDC-42A3-9474-1A3956D46DE8}") = "Solution Items", "Solution Items", "{96F930DC-2F9D-4E72-8A1E-69FD52D858F5}"
	ProjectSection(SolutionItems) = preProject
		License.md = License.md
	EndProjectSection
EndProject
Global
	GlobalSection(SolutionConfigurationPlatforms) = preSolution
		Debug|Any CPU = Debug|Any CPU
		Release|Any CPU = Release|Any CPU
	EndGlobalSection
	GlobalSection(ProjectConfigurationPlatforms) = postSolution
		{BC20775B-D1F2-49A0-961E-49E78A52CC23}.Debug|Any CPU.ActiveCfg = Debug|Any CPU
		{BC20775B-D1F2-49A0-961E-49E78A52CC23}.Debug|Any CPU.Build.0 = Debug|Any CPU
		{BC20775B-D1F2-49A0-961E-49E78A52CC23}.Release|Any CPU.ActiveCfg = Release|Any CPU
		{BC20775B-D1F2-49A0-961E-49E78A52CC23}.Release|Any CPU.Build.0 = Release|Any CPU
		{F5F63753-192F-4015-A296-56E412B1EF52}.Debug|Any CPU.ActiveCfg = Debug|Any CPU
		{F5F63753-192F-4015-A296-56E412B1EF52}.Debug|Any CPU.Build.0 = Debug|Any CPU
		{F5F63753-192F-4015-A296-56E412B1EF52}.Release|Any CPU.ActiveCfg = Release|Any CPU
		{F5F63753-192F-4015-A296-56E412B1EF52}.Release|Any CPU.Build.0 = Release|Any CPU
		{A3EF815C-DBD1-43E4-8DA1-85D21BBA9627}.Debug|Any CPU.ActiveCfg = Debug|Any CPU
		{A3EF815C-DBD1-43E4-8DA1-85D21BBA9627}.Debug|Any CPU.Build.0 = Debug|Any CPU
		{A3EF815C-DBD1-43E4-8DA1-85D21BBA9627}.Release|Any CPU.ActiveCfg = Release|Any CPU
		{A3EF815C-DBD1-43E4-8DA1-85D21BBA9627}.Release|Any CPU.Build.0 = Release|Any CPU
	EndGlobalSection
	GlobalSection(SolutionProperties) = preSolution
		HideSolutionNode = FALSE
	EndGlobalSection
EndGlobal
